PODS:
  - R.swift (2.1.0):
    - R.swift.Library (~> 2.0.0)
  - R.swift.Library (2.0.0)

DEPENDENCIES:
  - R.swift

SPEC CHECKSUMS:
  R.swift: efff131531b5cf142e28fd94957806ff71ccbcf2
  R.swift.Library: 9f4b2d12040daa1ffe336d8f7e1574f73721fd01

PODFILE CHECKSUM: f3eb4cdb8ae6490997255254cd81c0bf4da4529d

COCOAPODS: 1.0.1
